
Microsoft Visual Studio Solution File, Format Version 12.00
# Visual Studio Version 16
VisualStudioVersion = 16.0.30523.141
MinimumVisualStudioVersion = 10.0.40219.1
Project("{FAE04EC0-301F-11D3-BF4B-00C04F79EFBC}") = "Lab10", "Lab10\Lab10.csproj", "{654623F6-0FE7-406E-BA84-925B3FDA8850}"
EndProject
Project("{FAE04EC0-301F-11D3-BF4B-00C04F79EFBC}") = "UnitTests", "UnitTests\UnitTests.csproj", "{0A3A525E-3567-4EDC-ABE8-C244E50E8C04}"
EndProject
Global
	GlobalSection(SolutionConfigurationPlatforms) = preSolution
		Debug|Any CPU = Debug|Any CPU
		Release|Any CPU = Release|Any CPU
	EndGlobalSection
	GlobalSection(ProjectConfigurationPlatforms) = postSolution
		{654623F6-0FE7-406E-BA84-925B3FDA8850}.Debug|Any CPU.ActiveCfg = Debug|Any CPU
		{654623F6-0FE7-406E-BA84-925B3FDA8850}.Debug|Any CPU.Build.0 = Debug|Any CPU
		{654623F6-0FE7-406E-BA84-925B3FDA8850}.Release|Any CPU.ActiveCfg = Release|Any CPU
		{654623F6-0FE7-406E-BA84-925B3FDA8850}.Release|Any CPU.Build.0 = Release|Any CPU
		{0A3A525E-3567-4EDC-ABE8-C244E50E8C04}.Debug|Any CPU.ActiveCfg = Debug|Any CPU
		{0A3A525E-3567-4EDC-ABE8-C244E50E8C04}.Debug|Any CPU.Build.0 = Debug|Any CPU
		{0A3A525E-3567-4EDC-ABE8-C244E50E8C04}.Release|Any CPU.ActiveCfg = Release|Any CPU
		{0A3A525E-3567-4EDC-ABE8-C244E50E8C04}.Release|Any CPU.Build.0 = Release|Any CPU
	EndGlobalSection
	GlobalSection(SolutionProperties) = preSolution
		HideSolutionNode = FALSE
	EndGlobalSection
	GlobalSection(ExtensibilityGlobals) = postSolution
		SolutionGuid = {21A61155-B613-4CE1-9CD8-8253D05925B0}
	EndGlobalSection
EndGlobal
